
Microsoft Visual Studio Solution File, Format Version 12.00
Project("{FAE04EC0-301F-11D3-BF4B-00C04F79EFBC}") = "ondock.api", "ondock.api\ondock.api.csproj", "{2C174B61-C8F4-4F07-BFCE-0099B88F7DEB}"
EndProject
Project("{2150E333-8FDC-42A3-9474-1A3956D46DE8}") = "Solution Items", "Solution Items", "{33556F85-C95F-4974-B4B1-BA85CA45365D}"
	ProjectSection(SolutionItems) = preProject
		compose.yaml = compose.yaml
	EndProjectSection
EndProject
Global
	GlobalSection(SolutionConfigurationPlatforms) = preSolution
		Debug|Any CPU = Debug|Any CPU
		Release|Any CPU = Release|Any CPU
	EndGlobalSection
	GlobalSection(ProjectConfigurationPlatforms) = postSolution
		{2C174B61-C8F4-4F07-BFCE-0099B88F7DEB}.Debug|Any CPU.ActiveCfg = Debug|Any CPU
		{2C174B61-C8F4-4F07-BFCE-0099B88F7DEB}.Debug|Any CPU.Build.0 = Debug|Any CPU
		{2C174B61-C8F4-4F07-BFCE-0099B88F7DEB}.Release|Any CPU.ActiveCfg = Release|Any CPU
		{2C174B61-C8F4-4F07-BFCE-0099B88F7DEB}.Release|Any CPU.Build.0 = Release|Any CPU
	EndGlobalSection
EndGlobal
